
Microsoft Visual Studio Solution File, Format Version 12.00
# Visual Studio 15
VisualStudioVersion = 15.0.26403.7
MinimumVisualStudioVersion = 10.0.40219.1
Project("{FAE04EC0-301F-11D3-BF4B-00C04F79EFBC}") = "ExcelTool", "ExcelTool\ExcelTool.csproj", "{FE99D811-F7CF-4D36-925B-421AE3557FA2}"
EndProject
Project("{FAE04EC0-301F-11D3-BF4B-00C04F79EFBC}") = "ZenrinIC", "ZenrinIC\ZenrinIC.csproj", "{46B4551B-9D8E-4108-9061-FB2C8C58B2E7}"
EndProject
Project("{FAE04EC0-301F-11D3-BF4B-00C04F79EFBC}") = "ExcelTool.UI", "ExcelTool.UI\ExcelTool.UI.csproj", "{5352895C-979E-4527-BE78-558271E21038}"
EndProject
Global
	GlobalSection(SolutionConfigurationPlatforms) = preSolution
		Debug|Any CPU = Debug|Any CPU
		Release|Any CPU = Release|Any CPU
	EndGlobalSection
	GlobalSection(ProjectConfigurationPlatforms) = postSolution
		{FE99D811-F7CF-4D36-925B-421AE3557FA2}.Debug|Any CPU.ActiveCfg = Debug|Any CPU
		{FE99D811-F7CF-4D36-925B-421AE3557FA2}.Debug|Any CPU.Build.0 = Debug|Any CPU
		{FE99D811-F7CF-4D36-925B-421AE3557FA2}.Release|Any CPU.ActiveCfg = Release|Any CPU
		{FE99D811-F7CF-4D36-925B-421AE3557FA2}.Release|Any CPU.Build.0 = Release|Any CPU
		{46B4551B-9D8E-4108-9061-FB2C8C58B2E7}.Debug|Any CPU.ActiveCfg = Debug|Any CPU
		{46B4551B-9D8E-4108-9061-FB2C8C58B2E7}.Debug|Any CPU.Build.0 = Debug|Any CPU
		{46B4551B-9D8E-4108-9061-FB2C8C58B2E7}.Release|Any CPU.ActiveCfg = Release|Any CPU
		{46B4551B-9D8E-4108-9061-FB2C8C58B2E7}.Release|Any CPU.Build.0 = Release|Any CPU
		{5352895C-979E-4527-BE78-558271E21038}.Debug|Any CPU.ActiveCfg = Debug|Any CPU
		{5352895C-979E-4527-BE78-558271E21038}.Debug|Any CPU.Build.0 = Debug|Any CPU
		{5352895C-979E-4527-BE78-558271E21038}.Release|Any CPU.ActiveCfg = Release|Any CPU
		{5352895C-979E-4527-BE78-558271E21038}.Release|Any CPU.Build.0 = Release|Any CPU
	EndGlobalSection
	GlobalSection(SolutionProperties) = preSolution
		HideSolutionNode = FALSE
	EndGlobalSection
EndGlobal
